
Microsoft Visual Studio Solution File, Format Version 12.00
# Visual Studio 15
VisualStudioVersion = 15.0.28307.1169
MinimumVisualStudioVersion = 10.0.40219.1
Project("{8BC9CEB8-8B4A-11D0-8D11-00A0C91BC942}") = "Four_Memory", "Four_Memory\Four_Memory.vcxproj", "{DC4E4245-8B0D-45C5-A3AC-E1F57273B426}"
EndProject
Project("{8BC9CEB8-8B4A-11D0-8D11-00A0C91BC942}") = "野指针", "野指针\野指针.vcxproj", "{BC976F79-B9BC-4599-800C-87AC537E1D3C}"
EndProject
Project("{8BC9CEB8-8B4A-11D0-8D11-00A0C91BC942}") = "pointer", "pointer\pointer.vcxproj", "{D339EB81-4599-421D-A64C-35A8FA0CB49A}"
EndProject
Project("{8BC9CEB8-8B4A-11D0-8D11-00A0C91BC942}") = "string", "string\string.vcxproj", "{87F6DAD6-AA5F-4F43-8A36-DEE6BAFA09BA}"
EndProject
Project("{8BC9CEB8-8B4A-11D0-8D11-00A0C91BC942}") = "二级指针", "二级指针\二级指针.vcxproj", "{48A78549-BB30-4D76-8F1A-171F8AF024A7}"
EndProject
Project("{8BC9CEB8-8B4A-11D0-8D11-00A0C91BC942}") = "struct", "struct\struct.vcxproj", "{F63A60E4-643A-4563-B05C-717B012A87EE}"
EndProject
Project("{8BC9CEB8-8B4A-11D0-8D11-00A0C91BC942}") = "结构体中的深拷贝浅拷贝", "结构体中的深拷贝浅拷贝\结构体中的深拷贝浅拷贝.vcxproj", "{F569F119-3FF1-434B-A24A-6C7AC50D5AD9}"
EndProject
Project("{8BC9CEB8-8B4A-11D0-8D11-00A0C91BC942}") = "文件的操作", "文件的操作\文件的操作.vcxproj", "{71C5918C-C34E-4D01-A611-ADC33AE5C494}"
EndProject
Project("{8BC9CEB8-8B4A-11D0-8D11-00A0C91BC942}") = "文件加密解密测试", "文件加密解密测试\文件加密解密测试.vcxproj", "{76ABE963-9F2A-4696-A05A-884E3051B21C}"
EndProject
Project("{8BC9CEB8-8B4A-11D0-8D11-00A0C91BC942}") = "动态库业务调用测试", "动态库业务调用测试\动态库业务调用测试.vcxproj", "{BD0AD9ED-A62E-49AB-9EAF-420DB1EA2C3F}"
EndProject
Project("{8BC9CEB8-8B4A-11D0-8D11-00A0C91BC942}") = "结构体中套结构体", "结构体中套结构体\结构体中套结构体.vcxproj", "{4BB1B3BA-E2F8-48E4-9AE6-83B924CF9CA0}"
EndProject
Project("{8BC9CEB8-8B4A-11D0-8D11-00A0C91BC942}") = "链表", "链表\链表.vcxproj", "{0B12B58C-5648-4E07-8AAC-2C08F0F7373B}"
EndProject
Project("{8BC9CEB8-8B4A-11D0-8D11-00A0C91BC942}") = "链表基本操作", "链表基本操作\链表基本操作.vcxproj", "{387EE509-5CAB-42D3-8E69-D83D4559053B}"
EndProject
Global
	GlobalSection(SolutionConfigurationPlatforms) = preSolution
		Debug|x64 = Debug|x64
		Debug|x86 = Debug|x86
		Release|x64 = Release|x64
		Release|x86 = Release|x86
	EndGlobalSection
	GlobalSection(ProjectConfigurationPlatforms) = postSolution
		{DC4E4245-8B0D-45C5-A3AC-E1F57273B426}.Debug|x64.ActiveCfg = Debug|x64
		{DC4E4245-8B0D-45C5-A3AC-E1F57273B426}.Debug|x64.Build.0 = Debug|x64
		{DC4E4245-8B0D-45C5-A3AC-E1F57273B426}.Debug|x86.ActiveCfg = Debug|Win32
		{DC4E4245-8B0D-45C5-A3AC-E1F57273B426}.Debug|x86.Build.0 = Debug|Win32
		{DC4E4245-8B0D-45C5-A3AC-E1F57273B426}.Release|x64.ActiveCfg = Release|x64
		{DC4E4245-8B0D-45C5-A3AC-E1F57273B426}.Release|x64.Build.0 = Release|x64
		{DC4E4245-8B0D-45C5-A3AC-E1F57273B426}.Release|x86.ActiveCfg = Release|Win32
		{DC4E4245-8B0D-45C5-A3AC-E1F57273B426}.Release|x86.Build.0 = Release|Win32
		{BC976F79-B9BC-4599-800C-87AC537E1D3C}.Debug|x64.ActiveCfg = Debug|x64
		{BC976F79-B9BC-4599-800C-87AC537E1D3C}.Debug|x64.Build.0 = Debug|x64
		{BC976F79-B9BC-4599-800C-87AC537E1D3C}.Debug|x86.ActiveCfg = Debug|Win32
		{BC976F79-B9BC-4599-800C-87AC537E1D3C}.Debug|x86.Build.0 = Debug|Win32
		{BC976F79-B9BC-4599-800C-87AC537E1D3C}.Release|x64.ActiveCfg = Release|x64
		{BC976F79-B9BC-4599-800C-87AC537E1D3C}.Release|x64.Build.0 = Release|x64
		{BC976F79-B9BC-4599-800C-87AC537E1D3C}.Release|x86.ActiveCfg = Release|Win32
		{BC976F79-B9BC-4599-800C-87AC537E1D3C}.Release|x86.Build.0 = Release|Win32
		{D339EB81-4599-421D-A64C-35A8FA0CB49A}.Debug|x64.ActiveCfg = Debug|x64
		{D339EB81-4599-421D-A64C-35A8FA0CB49A}.Debug|x64.Build.0 = Debug|x64
		{D339EB81-4599-421D-A64C-35A8FA0CB49A}.Debug|x86.ActiveCfg = Debug|Win32
		{D339EB81-4599-421D-A64C-35A8FA0CB49A}.Debug|x86.Build.0 = Debug|Win32
		{D339EB81-4599-421D-A64C-35A8FA0CB49A}.Release|x64.ActiveCfg = Release|x64
		{D339EB81-4599-421D-A64C-35A8FA0CB49A}.Release|x64.Build.0 = Release|x64
		{D339EB81-4599-421D-A64C-35A8FA0CB49A}.Release|x86.ActiveCfg = Release|Win32
		{D339EB81-4599-421D-A64C-35A8FA0CB49A}.Release|x86.Build.0 = Release|Win32
		{87F6DAD6-AA5F-4F43-8A36-DEE6BAFA09BA}.Debug|x64.ActiveCfg = Debug|x64
		{87F6DAD6-AA5F-4F43-8A36-DEE6BAFA09BA}.Debug|x64.Build.0 = Debug|x64
		{87F6DAD6-AA5F-4F43-8A36-DEE6BAFA09BA}.Debug|x86.ActiveCfg = Debug|Win32
		{87F6DAD6-AA5F-4F43-8A36-DEE6BAFA09BA}.Debug|x86.Build.0 = Debug|Win32
		{87F6DAD6-AA5F-4F43-8A36-DEE6BAFA09BA}.Release|x64.ActiveCfg = Release|x64
		{87F6DAD6-AA5F-4F43-8A36-DEE6BAFA09BA}.Release|x64.Build.0 = Release|x64
		{87F6DAD6-AA5F-4F43-8A36-DEE6BAFA09BA}.Release|x86.ActiveCfg = Release|Win32
		{87F6DAD6-AA5F-4F43-8A36-DEE6BAFA09BA}.Release|x86.Build.0 = Release|Win32
		{48A78549-BB30-4D76-8F1A-171F8AF024A7}.Debug|x64.ActiveCfg = Debug|x64
		{48A78549-BB30-4D76-8F1A-171F8AF024A7}.Debug|x64.Build.0 = Debug|x64
		{48A78549-BB30-4D76-8F1A-171F8AF024A7}.Debug|x86.ActiveCfg = Debug|Win32
		{48A78549-BB30-4D76-8F1A-171F8AF024A7}.Debug|x86.Build.0 = Debug|Win32
		{48A78549-BB30-4D76-8F1A-171F8AF024A7}.Release|x64.ActiveCfg = Release|x64
		{48A78549-BB30-4D76-8F1A-171F8AF024A7}.Release|x64.Build.0 = Release|x64
		{48A78549-BB30-4D76-8F1A-171F8AF024A7}.Release|x86.ActiveCfg = Release|Win32
		{48A78549-BB30-4D76-8F1A-171F8AF024A7}.Release|x86.Build.0 = Release|Win32
		{F63A60E4-643A-4563-B05C-717B012A87EE}.Debug|x64.ActiveCfg = Debug|x64
		{F63A60E4-643A-4563-B05C-717B012A87EE}.Debug|x64.Build.0 = Debug|x64
		{F63A60E4-643A-4563-B05C-717B012A87EE}.Debug|x86.ActiveCfg = Debug|Win32
		{F63A60E4-643A-4563-B05C-717B012A87EE}.Debug|x86.Build.0 = Debug|Win32
		{F63A60E4-643A-4563-B05C-717B012A87EE}.Release|x64.ActiveCfg = Release|x64
		{F63A60E4-643A-4563-B05C-717B012A87EE}.Release|x64.Build.0 = Release|x64
		{F63A60E4-643A-4563-B05C-717B012A87EE}.Release|x86.ActiveCfg = Release|Win32
		{F63A60E4-643A-4563-B05C-717B012A87EE}.Release|x86.Build.0 = Release|Win32
		{F569F119-3FF1-434B-A24A-6C7AC50D5AD9}.Debug|x64.ActiveCfg = Debug|x64
		{F569F119-3FF1-434B-A24A-6C7AC50D5AD9}.Debug|x64.Build.0 = Debug|x64
		{F569F119-3FF1-434B-A24A-6C7AC50D5AD9}.Debug|x86.ActiveCfg = Debug|Win32
		{F569F119-3FF1-434B-A24A-6C7AC50D5AD9}.Debug|x86.Build.0 = Debug|Win32
		{F569F119-3FF1-434B-A24A-6C7AC50D5AD9}.Release|x64.ActiveCfg = Release|x64
		{F569F119-3FF1-434B-A24A-6C7AC50D5AD9}.Release|x64.Build.0 = Release|x64
		{F569F119-3FF1-434B-A24A-6C7AC50D5AD9}.Release|x86.ActiveCfg = Release|Win32
		{F569F119-3FF1-434B-A24A-6C7AC50D5AD9}.Release|x86.Build.0 = Release|Win32
		{71C5918C-C34E-4D01-A611-ADC33AE5C494}.Debug|x64.ActiveCfg = Debug|x64
		{71C5918C-C34E-4D01-A611-ADC33AE5C494}.Debug|x64.Build.0 = Debug|x64
		{71C5918C-C34E-4D01-A611-ADC33AE5C494}.Debug|x86.ActiveCfg = Debug|Win32
		{71C5918C-C34E-4D01-A611-ADC33AE5C494}.Debug|x86.Build.0 = Debug|Win32
		{71C5918C-C34E-4D01-A611-ADC33AE5C494}.Release|x64.ActiveCfg = Release|x64
		{71C5918C-C34E-4D01-A611-ADC33AE5C494}.Release|x64.Build.0 = Release|x64
		{71C5918C-C34E-4D01-A611-ADC33AE5C494}.Release|x86.ActiveCfg = Release|Win32
		{71C5918C-C34E-4D01-A611-ADC33AE5C494}.Release|x86.Build.0 = Release|Win32
		{76ABE963-9F2A-4696-A05A-884E3051B21C}.Debug|x64.ActiveCfg = Debug|x64
		{76ABE963-9F2A-4696-A05A-884E3051B21C}.Debug|x64.Build.0 = Debug|x64
		{76ABE963-9F2A-4696-A05A-884E3051B21C}.Debug|x86.ActiveCfg = Debug|Win32
		{76ABE963-9F2A-4696-A05A-884E3051B21C}.Debug|x86.Build.0 = Debug|Win32
		{76ABE963-9F2A-4696-A05A-884E3051B21C}.Release|x64.ActiveCfg = Release|x64
		{76ABE963-9F2A-4696-A05A-884E3051B21C}.Release|x64.Build.0 = Release|x64
		{76ABE963-9F2A-4696-A05A-884E3051B21C}.Release|x86.ActiveCfg = Release|Win32
		{76ABE963-9F2A-4696-A05A-884E3051B21C}.Release|x86.Build.0 = Release|Win32
		{BD0AD9ED-A62E-49AB-9EAF-420DB1EA2C3F}.Debug|x64.ActiveCfg = Debug|x64
		{BD0AD9ED-A62E-49AB-9EAF-420DB1EA2C3F}.Debug|x64.Build.0 = Debug|x64
		{BD0AD9ED-A62E-49AB-9EAF-420DB1EA2C3F}.Debug|x86.ActiveCfg = Debug|Win32
		{BD0AD9ED-A62E-49AB-9EAF-420DB1EA2C3F}.Debug|x86.Build.0 = Debug|Win32
		{BD0AD9ED-A62E-49AB-9EAF-420DB1EA2C3F}.Release|x64.ActiveCfg = Release|x64
		{BD0AD9ED-A62E-49AB-9EAF-420DB1EA2C3F}.Release|x64.Build.0 = Release|x64
		{BD0AD9ED-A62E-49AB-9EAF-420DB1EA2C3F}.Release|x86.ActiveCfg = Release|Win32
		{BD0AD9ED-A62E-49AB-9EAF-420DB1EA2C3F}.Release|x86.Build.0 = Release|Win32
		{4BB1B3BA-E2F8-48E4-9AE6-83B924CF9CA0}.Debug|x64.ActiveCfg = Debug|x64
		{4BB1B3BA-E2F8-48E4-9AE6-83B924CF9CA0}.Debug|x64.Build.0 = Debug|x64
		{4BB1B3BA-E2F8-48E4-9AE6-83B924CF9CA0}.Debug|x86.ActiveCfg = Debug|Win32
		{4BB1B3BA-E2F8-48E4-9AE6-83B924CF9CA0}.Debug|x86.Build.0 = Debug|Win32
		{4BB1B3BA-E2F8-48E4-9AE6-83B924CF9CA0}.Release|x64.ActiveCfg = Release|x64
		{4BB1B3BA-E2F8-48E4-9AE6-83B924CF9CA0}.Release|x64.Build.0 = Release|x64
		{4BB1B3BA-E2F8-48E4-9AE6-83B924CF9CA0}.Release|x86.ActiveCfg = Release|Win32
		{4BB1B3BA-E2F8-48E4-9AE6-83B924CF9CA0}.Release|x86.Build.0 = Release|Win32
		{0B12B58C-5648-4E07-8AAC-2C08F0F7373B}.Debug|x64.ActiveCfg = Debug|x64
		{0B12B58C-5648-4E07-8AAC-2C08F0F7373B}.Debug|x64.Build.0 = Debug|x64
		{0B12B58C-5648-4E07-8AAC-2C08F0F7373B}.Debug|x86.ActiveCfg = Debug|Win32
		{0B12B58C-5648-4E07-8AAC-2C08F0F7373B}.Debug|x86.Build.0 = Debug|Win32
		{0B12B58C-5648-4E07-8AAC-2C08F0F7373B}.Release|x64.ActiveCfg = Release|x64
		{0B12B58C-5648-4E07-8AAC-2C08F0F7373B}.Release|x64.Build.0 = Release|x64
		{0B12B58C-5648-4E07-8AAC-2C08F0F7373B}.Release|x86.ActiveCfg = Release|Win32
		{0B12B58C-5648-4E07-8AAC-2C08F0F7373B}.Release|x86.Build.0 = Release|Win32
		{387EE509-5CAB-42D3-8E69-D83D4559053B}.Debug|x64.ActiveCfg = Debug|x64
		{387EE509-5CAB-42D3-8E69-D83D4559053B}.Debug|x64.Build.0 = Debug|x64
		{387EE509-5CAB-42D3-8E69-D83D4559053B}.Debug|x86.ActiveCfg = Debug|Win32
		{387EE509-5CAB-42D3-8E69-D83D4559053B}.Debug|x86.Build.0 = Debug|Win32
		{387EE509-5CAB-42D3-8E69-D83D4559053B}.Release|x64.ActiveCfg = Release|x64
		{387EE509-5CAB-42D3-8E69-D83D4559053B}.Release|x64.Build.0 = Release|x64
		{387EE509-5CAB-42D3-8E69-D83D4559053B}.Release|x86.ActiveCfg = Release|Win32
		{387EE509-5CAB-42D3-8E69-D83D4559053B}.Release|x86.Build.0 = Release|Win32
	EndGlobalSection
	GlobalSection(SolutionProperties) = preSolution
		HideSolutionNode = FALSE
	EndGlobalSection
	GlobalSection(ExtensibilityGlobals) = postSolution
		SolutionGuid = {B300DE59-9C4E-4FCE-A1E7-80BDBA4D4740}
	EndGlobalSection
EndGlobal
